
Microsoft Visual Studio Solution File, Format Version 12.00
# Visual Studio Version 17
VisualStudioVersion = 17.1.32328.378
MinimumVisualStudioVersion = 10.0.40219.1
Project("{FAE04EC0-301F-11D3-BF4B-00C04F79EFBC}") = "MovieApplication", "MovieApplication\MovieApplication.csproj", "{43F49185-D8C6-4B50-8068-BD5284FC15EE}"
EndProject
Global
	GlobalSection(SolutionConfigurationPlatforms) = preSolution
		Debug|Any CPU = Debug|Any CPU
		Release|Any CPU = Release|Any CPU
	EndGlobalSection
	GlobalSection(ProjectConfigurationPlatforms) = postSolution
		{43F49185-D8C6-4B50-8068-BD5284FC15EE}.Debug|Any CPU.ActiveCfg = Debug|Any CPU
		{43F49185-D8C6-4B50-8068-BD5284FC15EE}.Debug|Any CPU.Build.0 = Debug|Any CPU
		{43F49185-D8C6-4B50-8068-BD5284FC15EE}.Release|Any CPU.ActiveCfg = Release|Any CPU
		{43F49185-D8C6-4B50-8068-BD5284FC15EE}.Release|Any CPU.Build.0 = Release|Any CPU
	EndGlobalSection
	GlobalSection(SolutionProperties) = preSolution
		HideSolutionNode = FALSE
	EndGlobalSection
	GlobalSection(ExtensibilityGlobals) = postSolution
		SolutionGuid = {F604FD47-92BA-45E7-A03E-2FFEB3048DFF}
	EndGlobalSection
EndGlobal
